# This file is automatically @generated by Cargo.
# It is not intended for manual editing.
version = 3

[[package]]
name = "core_detect"
version = "1.0.0"
source = "registry+https://github.com/rust-lang/crates.io-index"
checksum = "7f8f80099a98041a3d1622845c271458a2d73e688351bf3cb999266764b81d48"

[[package]]
name = "is_x86_feature_detected"
version = "0.1.0"
dependencies = [
 "core_detect",
]
